{
  "name": "slash-line-project",
  "lockfileVersion": 2,
  "requires": true,
  "packages": {
    "": {
      "dependencies": {
        "immutable": "^4.0.0-rc.15"
      }
    },
    "node_modules/immutable": {
      "version": "4.0.0-rc.15",
      "resolved": "https://registry.npmjs.org/immutable/-/immutable-4.0.0-rc.15.tgz",
      "integrity": "sha512-v8+A3sNyaieoP9dHegl3tEYnIZa7vqNiSv0U6D7YddiZi34VjKy4GsIxrRHj2d8+CS3MeiVja5QyNe4JO/aEXA=="
    }
  },
  "dependencies": {
    "immutable": {
      "version": "4.0.0-rc.15",
      "resolved": "https://registry.npmjs.org/immutable/-/immutable-4.0.0-rc.15.tgz",
      "integrity": "sha512-v8+A3sNyaieoP9dHegl3tEYnIZa7vqNiSv0U6D7YddiZi34VjKy4GsIxrRHj2d8+CS3MeiVja5QyNe4JO/aEXA=="
    }
  }
}
