{
  "name": "slash-line-project",
  "lockfileVersion": 2,
  "requires": true,
  "packages": {
    "": {
      "dependencies": {
        "immutable": "^4.0.0-rc.15",
        "material-table": "^1.63.0"
      }
    },
    "node_modules/@babel/runtime": {
      "version": "7.15.4",
      "resolved": "https://registry.npmjs.org/@babel/runtime/-/runtime-7.15.4.tgz",
      "integrity": "sha512-99catp6bHCaxr4sJ/DbTGgHS4+Rs2RVd2g7iOap6SLGPDknRK9ztKNsE/Fg6QhSeh1FGE5f6gHGQmvvn3I3xhw==",
      "dependencies": {
        "regenerator-runtime": "^0.13.4"
      },
      "engines": {
        "node": ">=6.9.0"
      }
    },
    "node_modules/@date-io/core": {
      "version": "1.3.13",
      "resolved": "https://registry.npmjs.org/@date-io/core/-/core-1.3.13.tgz",
      "integrity": "sha512-AlEKV7TxjeK+jxWVKcCFrfYAk8spX9aCyiToFIiLPtfQbsjmRGLIhb5VZgptQcJdHtLXo7+m0DuurwFgUToQuA=="
    },
    "node_modules/@date-io/date-fns": {
      "version": "1.1.0",
      "resolved": "https://registry.npmjs.org/@date-io/date-fns/-/date-fns-1.1.0.tgz",
      "integrity": "sha512-FMRhYWfoGiIXdN4xWAArpkdEbqsg2Fr+6Yda7Np2eVWCNx6gSMYsHIM51IIcI+3762ajYbhoEYjHYXVFNZIk1g==",
      "dependencies": {
        "@date-io/core": "^1.1.0"
      },
      "peerDependencies": {
        "date-fns": "2.0.0-alpha.27"
      }
    },
    "node_modules/@material-ui/core": {
      "version": "4.12.3",
      "resolved": "https://registry.npmjs.org/@material-ui/core/-/core-4.12.3.tgz",
      "integrity": "sha512-sdpgI/PL56QVsEJldwEe4FFaFTLUqN+rd7sSZiRCdx2E/C7z5yK0y/khAWVBH24tXwto7I1hCzNWfJGZIYJKnw==",
      "peer": true,
      "dependencies": {
        "@babel/runtime": "^7.4.4",
        "@material-ui/styles": "^4.11.4",
        "@material-ui/system": "^4.12.1",
        "@material-ui/types": "5.1.0",
        "@material-ui/utils": "^4.11.2",
        "@types/react-transition-group": "^4.2.0",
        "clsx": "^1.0.4",
        "hoist-non-react-statics": "^3.3.2",
        "popper.js": "1.16.1-lts",
        "prop-types": "^15.7.2",
        "react-is": "^16.8.0 || ^17.0.0",
        "react-transition-group": "^4.4.0"
      },
      "engines": {
        "node": ">=8.0.0"
      },
      "funding": {
        "type": "opencollective",
        "url": "https://opencollective.com/material-ui"
      },
      "peerDependencies": {
        "@types/react": "^16.8.6 || ^17.0.0",
        "react": "^16.8.0 || ^17.0.0",
        "react-dom": "^16.8.0 || ^17.0.0"
      },
      "peerDependenciesMeta": {
        "@types/react": {
          "optional": true
        }
      }
    },
    "node_modules/@types/hoist-non-react-statics": {
      "version": "3.3.1",
      "resolved": "https://registry.npmjs.org/@types/hoist-non-react-statics/-/hoist-non-react-statics-3.3.1.tgz",
      "integrity": "sha512-iMIqiko6ooLrTh1joXodJK5X9xeEALT1kM5G3ZLhD3hszxBdIEd5C75U834D9mLcINgD4OyZf5uQXjkuYydWvA==",
      "dependencies": {
        "@types/react": "*",
        "hoist-non-react-statics": "^3.3.0"
      }
    },
    "node_modules/@types/prop-types": {
      "version": "15.7.4",
      "resolved": "https://registry.npmjs.org/@types/prop-types/-/prop-types-15.7.4.tgz",
      "integrity": "sha512-rZ5drC/jWjrArrS8BR6SIr4cWpW09RNTYt9AMZo3Jwwif+iacXAqgVjm0B0Bv/S1jhDXKHqRVNCbACkJ89RAnQ=="
    },
    "node_modules/@types/react": {
      "version": "17.0.21",
      "resolved": "https://registry.npmjs.org/@types/react/-/react-17.0.21.tgz",
      "integrity": "sha512-GzzXCpOthOjXvrAUFQwU/svyxu658cwu00Q9ugujS4qc1zXgLFaO0kS2SLOaMWLt2Jik781yuHCWB7UcYdGAeQ==",
      "dependencies": {
        "@types/prop-types": "*",
        "@types/scheduler": "*",
        "csstype": "^3.0.2"
      }
    },
    "node_modules/@types/react-redux": {
      "version": "7.1.18",
      "resolved": "https://registry.npmjs.org/@types/react-redux/-/react-redux-7.1.18.tgz",
      "integrity": "sha512-9iwAsPyJ9DLTRH+OFeIrm9cAbIj1i2ANL3sKQFATqnPWRbg+jEFXyZOKHiQK/N86pNRXbb4HRxAxo0SIX1XwzQ==",
      "dependencies": {
        "@types/hoist-non-react-statics": "^3.3.0",
        "@types/react": "*",
        "hoist-non-react-statics": "^3.3.0",
        "redux": "^4.0.0"
      }
    },
    "node_modules/@types/react-transition-group": {
      "version": "4.4.3",
      "resolved": "https://registry.npmjs.org/@types/react-transition-group/-/react-transition-group-4.4.3.tgz",
      "integrity": "sha512-fUx5muOWSYP8Bw2BUQ9M9RK9+W1XBK/7FLJ8PTQpnpTEkn0ccyMffyEQvan4C3h53gHdx7KE5Qrxi/LnUGQtdg==",
      "peer": true,
      "dependencies": {
        "@types/react": "*"
      }
    },
    "node_modules/@types/scheduler": {
      "version": "0.16.2",
      "resolved": "https://registry.npmjs.org/@types/scheduler/-/scheduler-0.16.2.tgz",
      "integrity": "sha512-hppQEBDmlwhFAXKJX2KnWLYu5yMfi91yazPb2l+lbJiwW+wdo1gNeRA+3RgNSO39WYX2euey41KEwnqesU2Jew=="
    },
    "node_modules/@types/styled-jsx": {
      "version": "2.2.9",
      "resolved": "https://registry.npmjs.org/@types/styled-jsx/-/styled-jsx-2.2.9.tgz",
      "integrity": "sha512-W/iTlIkGEyTBGTEvZCey8EgQlQ5l0DwMqi3iOXlLs2kyBwYTXHKEiU6IZ5EwoRwngL8/dGYuzezSup89ttVHLw==",
      "dependencies": {
        "@types/react": "*"
      }
    },
    "node_modules/classnames": {
      "version": "2.2.6",
      "resolved": "https://registry.npmjs.org/classnames/-/classnames-2.2.6.tgz",
      "integrity": "sha512-JR/iSQOSt+LQIWwrwEzJ9uk0xfN3mTVYMwt1Ir5mUcSN6pU+V4zQFFaJsclJbPuAUQH+yfWef6tm7l1quW3C8Q=="
    },
    "node_modules/clsx": {
      "version": "1.1.1",
      "resolved": "https://registry.npmjs.org/clsx/-/clsx-1.1.1.tgz",
      "integrity": "sha512-6/bPho624p3S2pMyvP5kKBPXnI3ufHLObBFCfgx+LkeR5lg2XYy2hqZqUf45ypD8COn2bhgGJSUE+l5dhNBieA==",
      "engines": {
        "node": ">=6"
      }
    },
    "node_modules/css-box-model": {
      "version": "1.2.1",
      "resolved": "https://registry.npmjs.org/css-box-model/-/css-box-model-1.2.1.tgz",
      "integrity": "sha512-a7Vr4Q/kd/aw96bnJG332W9V9LkJO69JRcaCYDUqjp6/z0w6VcZjgAcTbgFxEPfBgdnAwlh3iwu+hLopa+flJw==",
      "dependencies": {
        "tiny-invariant": "^1.0.6"
      }
    },
    "node_modules/csstype": {
      "version": "3.0.9",
      "resolved": "https://registry.npmjs.org/csstype/-/csstype-3.0.9.tgz",
      "integrity": "sha512-rpw6JPxK6Rfg1zLOYCSwle2GFOOsnjmDYDaBwEcwoOg4qlsIVCN789VkBZDJAGi4T07gI4YSutR43t9Zz4Lzuw=="
    },
    "node_modules/date-fns": {
      "version": "2.0.0-alpha.27",
      "resolved": "https://registry.npmjs.org/date-fns/-/date-fns-2.0.0-alpha.27.tgz",
      "integrity": "sha512-cqfVLS+346P/Mpj2RpDrBv0P4p2zZhWWvfY5fuWrXNR/K38HaAGEkeOwb47hIpQP9Jr/TIxjZ2/sNMQwdXuGMg==",
      "hasInstallScript": true
    },
    "node_modules/debounce": {
      "version": "1.2.0",
      "resolved": "https://registry.npmjs.org/debounce/-/debounce-1.2.0.tgz",
      "integrity": "sha512-mYtLl1xfZLi1m4RtQYlZgJUNQjl4ZxVnHzIR8nLLgi4q1YT8o/WM+MK/f8yfcc9s5Ir5zRaPZyZU6xs1Syoocg=="
    },
    "node_modules/dom-helpers": {
      "version": "5.2.1",
      "resolved": "https://registry.npmjs.org/dom-helpers/-/dom-helpers-5.2.1.tgz",
      "integrity": "sha512-nRCa7CK3VTrM2NmGkIy4cbK7IZlgBE/PYMn55rrXefr5xXDP0LdtfPnblFDoVdcAfslJ7or6iqAUnx0CCGIWQA==",
      "dependencies": {
        "@babel/runtime": "^7.8.7",
        "csstype": "^3.0.2"
      }
    },
    "node_modules/fast-deep-equal": {
      "version": "2.0.1",
      "resolved": "https://registry.npmjs.org/fast-deep-equal/-/fast-deep-equal-2.0.1.tgz",
      "integrity": "sha1-ewUhjd+WZ79/Nwv3/bLLFf3Qqkk="
    },
    "node_modules/filefy": {
      "version": "0.1.10",
      "resolved": "https://registry.npmjs.org/filefy/-/filefy-0.1.10.tgz",
      "integrity": "sha512-VgoRVOOY1WkTpWH+KBy8zcU1G7uQTVsXqhWEgzryB9A5hg2aqCyZ6aQ/5PSzlqM5+6cnVrX6oYV0XqD3HZSnmQ=="
    },
    "node_modules/hoist-non-react-statics": {
      "version": "3.3.2",
      "resolved": "https://registry.npmjs.org/hoist-non-react-statics/-/hoist-non-react-statics-3.3.2.tgz",
      "integrity": "sha512-/gGivxi8JPKWNm/W0jSmzcMPpfpPLc3dY/6GxhX2hQ9iGj3aDfklV4ET7NjKpSinLpJ5vafa9iiGIEZg10SfBw==",
      "dependencies": {
        "react-is": "^16.7.0"
      }
    },
    "node_modules/hoist-non-react-statics/node_modules/react-is": {
      "version": "16.13.1",
      "resolved": "https://registry.npmjs.org/react-is/-/react-is-16.13.1.tgz",
      "integrity": "sha512-24e6ynE2H+OKt4kqsOvNd8kBpV65zoxbA4BVsEOB3ARVWQki/DHzaUoC5KuON/BiccDaCCTZBuOcfZs70kR8bQ=="
    },
    "node_modules/immutable": {
      "version": "4.0.0-rc.15",
      "resolved": "https://registry.npmjs.org/immutable/-/immutable-4.0.0-rc.15.tgz",
      "integrity": "sha512-v8+A3sNyaieoP9dHegl3tEYnIZa7vqNiSv0U6D7YddiZi34VjKy4GsIxrRHj2d8+CS3MeiVja5QyNe4JO/aEXA=="
    },
    "node_modules/js-tokens": {
      "version": "4.0.0",
      "resolved": "https://registry.npmjs.org/js-tokens/-/js-tokens-4.0.0.tgz",
      "integrity": "sha512-RdJUflcE3cUzKiMqQgsCu06FPu9UdIJO0beYbPhHN4k6apgJtifcoCtT9bcxOpYBtpD2kCM6Sbzg4CausW/PKQ=="
    },
    "node_modules/loose-envify": {
      "version": "1.4.0",
      "resolved": "https://registry.npmjs.org/loose-envify/-/loose-envify-1.4.0.tgz",
      "integrity": "sha512-lyuxPGr/Wfhrlem2CL/UcnUc1zcqKAImBDzukY7Y5F/yQiNdko6+fRLevlw1HgMySw7f611UIY408EtxRSoK3Q==",
      "dependencies": {
        "js-tokens": "^3.0.0 || ^4.0.0"
      },
      "bin": {
        "loose-envify": "cli.js"
      }
    },
    "node_modules/material-table": {
      "version": "1.63.0",
      "resolved": "https://registry.npmjs.org/material-table/-/material-table-1.63.0.tgz",
      "integrity": "sha512-KJAXs40LkCRM3LuBln7HcB+tcB5AQ8FZdfeDCQChsO3mJU2/2H8C5tOtO10nrTW1Of2sJeYBptXF/nqRqLwrBQ==",
      "dependencies": {
        "@date-io/date-fns": "^1.1.0",
        "@material-ui/pickers": "^3.2.2",
        "classnames": "^2.2.6",
        "date-fns": "^2.0.0-alpha.27",
        "debounce": "^1.2.0",
        "fast-deep-equal": "2.0.1",
        "filefy": "0.1.10",
        "prop-types": "^15.6.2",
        "react-beautiful-dnd": "^13.0.0",
        "react-double-scrollbar": "0.0.15"
      },
      "peerDependencies": {
        "@date-io/core": "^1.3.6",
        "@material-ui/core": "^4.0.1",
        "react": "^16.8.4",
        "react-dom": "^16.8.4"
      }
    },
    "node_modules/material-table/node_modules/@material-ui/pickers": {
      "version": "3.2.2",
      "resolved": "https://registry.npmjs.org/@material-ui/pickers/-/pickers-3.2.2.tgz",
      "integrity": "sha512-on/J1yyKeJ4CkLnItpf/jPDKMZVWvHDklkh5FS7wkZ0s1OPoqTsPubLWfA7eND6xREnVRyLFzVTlE3VlWYdQWw==",
      "dependencies": {
        "@babel/runtime": "^7.2.0",
        "@types/styled-jsx": "^2.2.8",
        "clsx": "^1.0.2",
        "react-transition-group": "^4.0.0",
        "rifm": "^0.7.0",
        "tslib": "^1.9.3"
      },
      "peerDependencies": {
        "@date-io/core": "^1.3.6",
        "@material-ui/core": "^4.0.0",
        "prop-types": "^15.6.0",
        "react": "^16.8.4",
        "react-dom": "^16.8.4"
      }
    },
    "node_modules/material-table/node_modules/prop-types": {
      "version": "15.6.2",
      "resolved": "https://registry.npmjs.org/prop-types/-/prop-types-15.6.2.tgz",
      "integrity": "sha512-3pboPvLiWD7dkI3qf3KbUe6hKFKa52w+AE0VCqECtf+QHAKgOL37tTaNCnuX1nAAQ4ZhyP+kYVKf8rLmJ/feDQ==",
      "dependencies": {
        "loose-envify": "^1.3.1",
        "object-assign": "^4.1.1"
      }
    },
    "node_modules/memoize-one": {
      "version": "5.2.1",
      "resolved": "https://registry.npmjs.org/memoize-one/-/memoize-one-5.2.1.tgz",
      "integrity": "sha512-zYiwtZUcYyXKo/np96AGZAckk+FWWsUdJ3cHGGmld7+AhvcWmQyGCYUh1hc4Q/pkOhb65dQR/pqCyK0cOaHz4Q=="
    },
    "node_modules/object-assign": {
      "version": "4.1.1",
      "resolved": "https://registry.npmjs.org/object-assign/-/object-assign-4.1.1.tgz",
      "integrity": "sha1-IQmtx5ZYh8/AXLvUQsrIv7s2CGM=",
      "engines": {
        "node": ">=0.10.0"
      }
    },
    "node_modules/popper.js": {
      "version": "1.16.1-lts",
      "resolved": "https://registry.npmjs.org/popper.js/-/popper.js-1.16.1-lts.tgz",
      "integrity": "sha512-Kjw8nKRl1m+VrSFCoVGPph93W/qrSO7ZkqPpTf7F4bk/sqcfWK019dWBUpE/fBOsOQY1dks/Bmcbfn1heM/IsA==",
      "peer": true
    },
    "node_modules/prop-types": {
      "version": "15.7.2",
      "resolved": "https://registry.npmjs.org/prop-types/-/prop-types-15.7.2.tgz",
      "integrity": "sha512-8QQikdH7//R2vurIJSutZ1smHYTcLpRWEOlHnzcWHmBYrOGUysKwSsrC89BCiFj3CbrfJ/nXFdJepOVrY1GCHQ==",
      "dependencies": {
        "loose-envify": "^1.4.0",
        "object-assign": "^4.1.1",
        "react-is": "^16.8.1"
      }
    },
    "node_modules/prop-types/node_modules/react-is": {
      "version": "16.13.1",
      "resolved": "https://registry.npmjs.org/react-is/-/react-is-16.13.1.tgz",
      "integrity": "sha512-24e6ynE2H+OKt4kqsOvNd8kBpV65zoxbA4BVsEOB3ARVWQki/DHzaUoC5KuON/BiccDaCCTZBuOcfZs70kR8bQ=="
    },
    "node_modules/raf-schd": {
      "version": "4.0.3",
      "resolved": "https://registry.npmjs.org/raf-schd/-/raf-schd-4.0.3.tgz",
      "integrity": "sha512-tQkJl2GRWh83ui2DiPTJz9wEiMN20syf+5oKfB03yYP7ioZcJwsIK8FjrtLwH1m7C7e+Tt2yYBlrOpdT+dyeIQ=="
    },
    "node_modules/react": {
      "version": "16.14.0",
      "resolved": "https://registry.npmjs.org/react/-/react-16.14.0.tgz",
      "integrity": "sha512-0X2CImDkJGApiAlcf0ODKIneSwBPhqJawOa5wCtKbu7ZECrmS26NvtSILynQ66cgkT/RJ4LidJOc3bUESwmU8g==",
      "peer": true,
      "dependencies": {
        "loose-envify": "^1.1.0",
        "object-assign": "^4.1.1",
        "prop-types": "^15.6.2"
      },
      "engines": {
        "node": ">=0.10.0"
      }
    },
    "node_modules/react-beautiful-dnd": {
      "version": "13.0.0",
      "resolved": "https://registry.npmjs.org/react-beautiful-dnd/-/react-beautiful-dnd-13.0.0.tgz",
      "integrity": "sha512-87It8sN0ineoC3nBW0SbQuTFXM6bUqM62uJGY4BtTf0yzPl8/3+bHMWkgIe0Z6m8e+gJgjWxefGRVfpE3VcdEg==",
      "dependencies": {
        "@babel/runtime": "^7.8.4",
        "css-box-model": "^1.2.0",
        "memoize-one": "^5.1.1",
        "raf-schd": "^4.0.2",
        "react-redux": "^7.1.1",
        "redux": "^4.0.4",
        "use-memo-one": "^1.1.1"
      },
      "peerDependencies": {
        "react": "^16.8.5",
        "react-dom": "^16.8.5"
      }
    },
    "node_modules/react-dom": {
      "version": "16.14.0",
      "resolved": "https://registry.npmjs.org/react-dom/-/react-dom-16.14.0.tgz",
      "integrity": "sha512-1gCeQXDLoIqMgqD3IO2Ah9bnf0w9kzhwN5q4FGnHZ67hBm9yePzB5JJAIQCc8x3pFnNlwFq4RidZggNAAkzWWw==",
      "peer": true,
      "dependencies": {
        "loose-envify": "^1.1.0",
        "object-assign": "^4.1.1",
        "prop-types": "^15.6.2",
        "scheduler": "^0.19.1"
      },
      "peerDependencies": {
        "react": "^16.14.0"
      }
    },
    "node_modules/react-double-scrollbar": {
      "version": "0.0.15",
      "resolved": "https://registry.npmjs.org/react-double-scrollbar/-/react-double-scrollbar-0.0.15.tgz",
      "integrity": "sha1-6RWrjLO5WYdwdfSUNt6/2wQoj+Q=",
      "engines": {
        "node": ">=0.12.0"
      },
      "peerDependencies": {
        "react": ">= 0.14.7"
      }
    },
    "node_modules/react-is": {
      "version": "17.0.2",
      "resolved": "https://registry.npmjs.org/react-is/-/react-is-17.0.2.tgz",
      "integrity": "sha512-w2GsyukL62IJnlaff/nRegPQR94C/XXamvMWmSHRJ4y7Ts/4ocGRmTHvOs8PSE6pB3dWOrD/nueuU5sduBsQ4w==",
      "peer": true
    },
    "node_modules/react-redux": {
      "version": "7.2.5",
      "resolved": "https://registry.npmjs.org/react-redux/-/react-redux-7.2.5.tgz",
      "integrity": "sha512-Dt29bNyBsbQaysp6s/dN0gUodcq+dVKKER8Qv82UrpeygwYeX1raTtil7O/fftw/rFqzaf6gJhDZRkkZnn6bjg==",
      "dependencies": {
        "@babel/runtime": "^7.12.1",
        "@types/react-redux": "^7.1.16",
        "hoist-non-react-statics": "^3.3.2",
        "loose-envify": "^1.4.0",
        "prop-types": "^15.7.2",
        "react-is": "^16.13.1"
      },
      "peerDependencies": {
        "react": "^16.8.3 || ^17"
      },
      "peerDependenciesMeta": {
        "react-dom": {
          "optional": true
        },
        "react-native": {
          "optional": true
        }
      }
    },
    "node_modules/react-redux/node_modules/react-is": {
      "version": "16.13.1",
      "resolved": "https://registry.npmjs.org/react-is/-/react-is-16.13.1.tgz",
      "integrity": "sha512-24e6ynE2H+OKt4kqsOvNd8kBpV65zoxbA4BVsEOB3ARVWQki/DHzaUoC5KuON/BiccDaCCTZBuOcfZs70kR8bQ=="
    },
    "node_modules/react-transition-group": {
      "version": "4.4.2",
      "resolved": "https://registry.npmjs.org/react-transition-group/-/react-transition-group-4.4.2.tgz",
      "integrity": "sha512-/RNYfRAMlZwDSr6z4zNKV6xu53/e2BuaBbGhbyYIXTrmgu/bGHzmqOs7mJSJBHy9Ud+ApHx3QjrkKSp1pxvlFg==",
      "dependencies": {
        "@babel/runtime": "^7.5.5",
        "dom-helpers": "^5.0.1",
        "loose-envify": "^1.4.0",
        "prop-types": "^15.6.2"
      },
      "peerDependencies": {
        "react": ">=16.6.0",
        "react-dom": ">=16.6.0"
      }
    },
    "node_modules/redux": {
      "version": "4.1.1",
      "resolved": "https://registry.npmjs.org/redux/-/redux-4.1.1.tgz",
      "integrity": "sha512-hZQZdDEM25UY2P493kPYuKqviVwZ58lEmGQNeQ+gXa+U0gYPUBf7NKYazbe3m+bs/DzM/ahN12DbF+NG8i0CWw==",
      "dependencies": {
        "@babel/runtime": "^7.9.2"
      }
    },
    "node_modules/regenerator-runtime": {
      "version": "0.13.9",
      "resolved": "https://registry.npmjs.org/regenerator-runtime/-/regenerator-runtime-0.13.9.tgz",
      "integrity": "sha512-p3VT+cOEgxFsRRA9X4lkI1E+k2/CtnKtU4gcxyaCUreilL/vqI6CdZ3wxVUx3UOUg+gnUOQQcRI7BmSI656MYA=="
    },
    "node_modules/rifm": {
      "version": "0.7.0",
      "resolved": "https://registry.npmjs.org/rifm/-/rifm-0.7.0.tgz",
      "integrity": "sha512-DSOJTWHD67860I5ojetXdEQRIBvF6YcpNe53j0vn1vp9EUb9N80EiZTxgP+FkDKorWC8PZw052kTF4C1GOivCQ==",
      "dependencies": {
        "@babel/runtime": "^7.3.1"
      },
      "peerDependencies": {
        "react": ">=16.8"
      }
    },
    "node_modules/scheduler": {
      "version": "0.19.1",
      "resolved": "https://registry.npmjs.org/scheduler/-/scheduler-0.19.1.tgz",
      "integrity": "sha512-n/zwRWRYSUj0/3g/otKDRPMh6qv2SYMWNq85IEa8iZyAv8od9zDYpGSnpBEjNgcMNq6Scbu5KfIPxNF72R/2EA==",
      "peer": true,
      "dependencies": {
        "loose-envify": "^1.1.0",
        "object-assign": "^4.1.1"
      }
    },
    "node_modules/tiny-invariant": {
      "version": "1.1.0",
      "resolved": "https://registry.npmjs.org/tiny-invariant/-/tiny-invariant-1.1.0.tgz",
      "integrity": "sha512-ytxQvrb1cPc9WBEI/HSeYYoGD0kWnGEOR8RY6KomWLBVhqz0RgTwVO9dLrGz7dC+nN9llyI7OKAgRq8Vq4ZBSw=="
    },
    "node_modules/tslib": {
      "version": "1.14.1",
      "resolved": "https://registry.npmjs.org/tslib/-/tslib-1.14.1.tgz",
      "integrity": "sha512-Xni35NKzjgMrwevysHTCArtLDpPvye8zV/0E4EyYn43P7/7qvQwPh9BGkHewbMulVntbigmcT7rdX3BNo9wRJg=="
    },
    "node_modules/use-memo-one": {
      "version": "1.1.2",
      "resolved": "https://registry.npmjs.org/use-memo-one/-/use-memo-one-1.1.2.tgz",
      "integrity": "sha512-u2qFKtxLsia/r8qG0ZKkbytbztzRb317XCkT7yP8wxL0tZ/CzK2G+WWie5vWvpyeP7+YoPIwbJoIHJ4Ba4k0oQ==",
      "peerDependencies": {
        "react": "^16.8.0 || ^17.0.0"
      }
    }
  },
  "dependencies": {
    "@babel/runtime": {
      "version": "7.15.4",
      "resolved": "https://registry.npmjs.org/@babel/runtime/-/runtime-7.15.4.tgz",
      "integrity": "sha512-99catp6bHCaxr4sJ/DbTGgHS4+Rs2RVd2g7iOap6SLGPDknRK9ztKNsE/Fg6QhSeh1FGE5f6gHGQmvvn3I3xhw==",
      "requires": {
        "regenerator-runtime": "^0.13.4"
      }
    },
    "@date-io/core": {
      "version": "1.3.13",
      "resolved": "https://registry.npmjs.org/@date-io/core/-/core-1.3.13.tgz",
      "integrity": "sha512-AlEKV7TxjeK+jxWVKcCFrfYAk8spX9aCyiToFIiLPtfQbsjmRGLIhb5VZgptQcJdHtLXo7+m0DuurwFgUToQuA=="
    },
    "@date-io/date-fns": {
      "version": "1.1.0",
      "resolved": "https://registry.npmjs.org/@date-io/date-fns/-/date-fns-1.1.0.tgz",
      "integrity": "sha512-FMRhYWfoGiIXdN4xWAArpkdEbqsg2Fr+6Yda7Np2eVWCNx6gSMYsHIM51IIcI+3762ajYbhoEYjHYXVFNZIk1g==",
      "requires": {
        "@date-io/core": "^1.1.0"
      }
    },
    "@material-ui/core": {
      "version": "4.12.3",
      "resolved": "https://registry.npmjs.org/@material-ui/core/-/core-4.12.3.tgz",
      "integrity": "sha512-sdpgI/PL56QVsEJldwEe4FFaFTLUqN+rd7sSZiRCdx2E/C7z5yK0y/khAWVBH24tXwto7I1hCzNWfJGZIYJKnw==",
      "peer": true,
      "requires": {
        "@babel/runtime": "^7.4.4",
        "@material-ui/styles": "^4.11.4",
        "@material-ui/system": "^4.12.1",
        "@material-ui/types": "5.1.0",
        "@material-ui/utils": "^4.11.2",
        "@types/react-transition-group": "^4.2.0",
        "clsx": "^1.0.4",
        "hoist-non-react-statics": "^3.3.2",
        "popper.js": "1.16.1-lts",
        "prop-types": "^15.7.2",
        "react-is": "^16.8.0 || ^17.0.0",
        "react-transition-group": "^4.4.0"
      }
    },
    "@types/hoist-non-react-statics": {
      "version": "3.3.1",
      "resolved": "https://registry.npmjs.org/@types/hoist-non-react-statics/-/hoist-non-react-statics-3.3.1.tgz",
      "integrity": "sha512-iMIqiko6ooLrTh1joXodJK5X9xeEALT1kM5G3ZLhD3hszxBdIEd5C75U834D9mLcINgD4OyZf5uQXjkuYydWvA==",
      "requires": {
        "@types/react": "*",
        "hoist-non-react-statics": "^3.3.0"
      }
    },
    "@types/prop-types": {
      "version": "15.7.4",
      "resolved": "https://registry.npmjs.org/@types/prop-types/-/prop-types-15.7.4.tgz",
      "integrity": "sha512-rZ5drC/jWjrArrS8BR6SIr4cWpW09RNTYt9AMZo3Jwwif+iacXAqgVjm0B0Bv/S1jhDXKHqRVNCbACkJ89RAnQ=="
    },
    "@types/react": {
      "version": "17.0.21",
      "resolved": "https://registry.npmjs.org/@types/react/-/react-17.0.21.tgz",
      "integrity": "sha512-GzzXCpOthOjXvrAUFQwU/svyxu658cwu00Q9ugujS4qc1zXgLFaO0kS2SLOaMWLt2Jik781yuHCWB7UcYdGAeQ==",
      "requires": {
        "@types/prop-types": "*",
        "@types/scheduler": "*",
        "csstype": "^3.0.2"
      }
    },
    "@types/react-redux": {
      "version": "7.1.18",
      "resolved": "https://registry.npmjs.org/@types/react-redux/-/react-redux-7.1.18.tgz",
      "integrity": "sha512-9iwAsPyJ9DLTRH+OFeIrm9cAbIj1i2ANL3sKQFATqnPWRbg+jEFXyZOKHiQK/N86pNRXbb4HRxAxo0SIX1XwzQ==",
      "requires": {
        "@types/hoist-non-react-statics": "^3.3.0",
        "@types/react": "*",
        "hoist-non-react-statics": "^3.3.0",
        "redux": "^4.0.0"
      }
    },
    "@types/react-transition-group": {
      "version": "4.4.3",
      "resolved": "https://registry.npmjs.org/@types/react-transition-group/-/react-transition-group-4.4.3.tgz",
      "integrity": "sha512-fUx5muOWSYP8Bw2BUQ9M9RK9+W1XBK/7FLJ8PTQpnpTEkn0ccyMffyEQvan4C3h53gHdx7KE5Qrxi/LnUGQtdg==",
      "peer": true,
      "requires": {
        "@types/react": "*"
      }
    },
    "@types/scheduler": {
      "version": "0.16.2",
      "resolved": "https://registry.npmjs.org/@types/scheduler/-/scheduler-0.16.2.tgz",
      "integrity": "sha512-hppQEBDmlwhFAXKJX2KnWLYu5yMfi91yazPb2l+lbJiwW+wdo1gNeRA+3RgNSO39WYX2euey41KEwnqesU2Jew=="
    },
    "@types/styled-jsx": {
      "version": "2.2.9",
      "resolved": "https://registry.npmjs.org/@types/styled-jsx/-/styled-jsx-2.2.9.tgz",
      "integrity": "sha512-W/iTlIkGEyTBGTEvZCey8EgQlQ5l0DwMqi3iOXlLs2kyBwYTXHKEiU6IZ5EwoRwngL8/dGYuzezSup89ttVHLw==",
      "requires": {
        "@types/react": "*"
      }
    },
    "classnames": {
      "version": "2.2.6",
      "resolved": "https://registry.npmjs.org/classnames/-/classnames-2.2.6.tgz",
      "integrity": "sha512-JR/iSQOSt+LQIWwrwEzJ9uk0xfN3mTVYMwt1Ir5mUcSN6pU+V4zQFFaJsclJbPuAUQH+yfWef6tm7l1quW3C8Q=="
    },
    "clsx": {
      "version": "1.1.1",
      "resolved": "https://registry.npmjs.org/clsx/-/clsx-1.1.1.tgz",
      "integrity": "sha512-6/bPho624p3S2pMyvP5kKBPXnI3ufHLObBFCfgx+LkeR5lg2XYy2hqZqUf45ypD8COn2bhgGJSUE+l5dhNBieA=="
    },
    "css-box-model": {
      "version": "1.2.1",
      "resolved": "https://registry.npmjs.org/css-box-model/-/css-box-model-1.2.1.tgz",
      "integrity": "sha512-a7Vr4Q/kd/aw96bnJG332W9V9LkJO69JRcaCYDUqjp6/z0w6VcZjgAcTbgFxEPfBgdnAwlh3iwu+hLopa+flJw==",
      "requires": {
        "tiny-invariant": "^1.0.6"
      }
    },
    "csstype": {
      "version": "3.0.9",
      "resolved": "https://registry.npmjs.org/csstype/-/csstype-3.0.9.tgz",
      "integrity": "sha512-rpw6JPxK6Rfg1zLOYCSwle2GFOOsnjmDYDaBwEcwoOg4qlsIVCN789VkBZDJAGi4T07gI4YSutR43t9Zz4Lzuw=="
    },
    "date-fns": {
      "version": "2.0.0-alpha.27",
      "resolved": "https://registry.npmjs.org/date-fns/-/date-fns-2.0.0-alpha.27.tgz",
      "integrity": "sha512-cqfVLS+346P/Mpj2RpDrBv0P4p2zZhWWvfY5fuWrXNR/K38HaAGEkeOwb47hIpQP9Jr/TIxjZ2/sNMQwdXuGMg=="
    },
    "debounce": {
      "version": "1.2.0",
      "resolved": "https://registry.npmjs.org/debounce/-/debounce-1.2.0.tgz",
      "integrity": "sha512-mYtLl1xfZLi1m4RtQYlZgJUNQjl4ZxVnHzIR8nLLgi4q1YT8o/WM+MK/f8yfcc9s5Ir5zRaPZyZU6xs1Syoocg=="
    },
    "dom-helpers": {
      "version": "5.2.1",
      "resolved": "https://registry.npmjs.org/dom-helpers/-/dom-helpers-5.2.1.tgz",
      "integrity": "sha512-nRCa7CK3VTrM2NmGkIy4cbK7IZlgBE/PYMn55rrXefr5xXDP0LdtfPnblFDoVdcAfslJ7or6iqAUnx0CCGIWQA==",
      "requires": {
        "@babel/runtime": "^7.8.7",
        "csstype": "^3.0.2"
      }
    },
    "fast-deep-equal": {
      "version": "2.0.1",
      "resolved": "https://registry.npmjs.org/fast-deep-equal/-/fast-deep-equal-2.0.1.tgz",
      "integrity": "sha1-ewUhjd+WZ79/Nwv3/bLLFf3Qqkk="
    },
    "filefy": {
      "version": "0.1.10",
      "resolved": "https://registry.npmjs.org/filefy/-/filefy-0.1.10.tgz",
      "integrity": "sha512-VgoRVOOY1WkTpWH+KBy8zcU1G7uQTVsXqhWEgzryB9A5hg2aqCyZ6aQ/5PSzlqM5+6cnVrX6oYV0XqD3HZSnmQ=="
    },
    "hoist-non-react-statics": {
      "version": "3.3.2",
      "resolved": "https://registry.npmjs.org/hoist-non-react-statics/-/hoist-non-react-statics-3.3.2.tgz",
      "integrity": "sha512-/gGivxi8JPKWNm/W0jSmzcMPpfpPLc3dY/6GxhX2hQ9iGj3aDfklV4ET7NjKpSinLpJ5vafa9iiGIEZg10SfBw==",
      "requires": {
        "react-is": "^16.7.0"
      },
      "dependencies": {
        "react-is": {
          "version": "16.13.1",
          "resolved": "https://registry.npmjs.org/react-is/-/react-is-16.13.1.tgz",
          "integrity": "sha512-24e6ynE2H+OKt4kqsOvNd8kBpV65zoxbA4BVsEOB3ARVWQki/DHzaUoC5KuON/BiccDaCCTZBuOcfZs70kR8bQ=="
        }
      }
    },
    "immutable": {
      "version": "4.0.0-rc.15",
      "resolved": "https://registry.npmjs.org/immutable/-/immutable-4.0.0-rc.15.tgz",
      "integrity": "sha512-v8+A3sNyaieoP9dHegl3tEYnIZa7vqNiSv0U6D7YddiZi34VjKy4GsIxrRHj2d8+CS3MeiVja5QyNe4JO/aEXA=="
    },
    "js-tokens": {
      "version": "4.0.0",
      "resolved": "https://registry.npmjs.org/js-tokens/-/js-tokens-4.0.0.tgz",
      "integrity": "sha512-RdJUflcE3cUzKiMqQgsCu06FPu9UdIJO0beYbPhHN4k6apgJtifcoCtT9bcxOpYBtpD2kCM6Sbzg4CausW/PKQ=="
    },
    "loose-envify": {
      "version": "1.4.0",
      "resolved": "https://registry.npmjs.org/loose-envify/-/loose-envify-1.4.0.tgz",
      "integrity": "sha512-lyuxPGr/Wfhrlem2CL/UcnUc1zcqKAImBDzukY7Y5F/yQiNdko6+fRLevlw1HgMySw7f611UIY408EtxRSoK3Q==",
      "requires": {
        "js-tokens": "^3.0.0 || ^4.0.0"
      }
    },
    "material-table": {
      "version": "1.63.0",
      "resolved": "https://registry.npmjs.org/material-table/-/material-table-1.63.0.tgz",
      "integrity": "sha512-KJAXs40LkCRM3LuBln7HcB+tcB5AQ8FZdfeDCQChsO3mJU2/2H8C5tOtO10nrTW1Of2sJeYBptXF/nqRqLwrBQ==",
      "requires": {
        "@date-io/date-fns": "^1.1.0",
        "@material-ui/pickers": "^3.2.2",
        "classnames": "^2.2.6",
        "date-fns": "^2.0.0-alpha.27",
        "debounce": "^1.2.0",
        "fast-deep-equal": "2.0.1",
        "filefy": "0.1.10",
        "prop-types": "^15.6.2",
        "react-beautiful-dnd": "^13.0.0",
        "react-double-scrollbar": "0.0.15"
      },
      "dependencies": {
        "@material-ui/pickers": {
          "version": "3.2.2",
          "resolved": "https://registry.npmjs.org/@material-ui/pickers/-/pickers-3.2.2.tgz",
          "integrity": "sha512-on/J1yyKeJ4CkLnItpf/jPDKMZVWvHDklkh5FS7wkZ0s1OPoqTsPubLWfA7eND6xREnVRyLFzVTlE3VlWYdQWw==",
          "requires": {
            "@babel/runtime": "^7.2.0",
            "@types/styled-jsx": "^2.2.8",
            "clsx": "^1.0.2",
            "react-transition-group": "^4.0.0",
            "rifm": "^0.7.0",
            "tslib": "^1.9.3"
          }
        },
        "prop-types": {
          "version": "15.6.2",
          "resolved": "https://registry.npmjs.org/prop-types/-/prop-types-15.6.2.tgz",
          "integrity": "sha512-3pboPvLiWD7dkI3qf3KbUe6hKFKa52w+AE0VCqECtf+QHAKgOL37tTaNCnuX1nAAQ4ZhyP+kYVKf8rLmJ/feDQ==",
          "requires": {
            "loose-envify": "^1.3.1",
            "object-assign": "^4.1.1"
          }
        }
      }
    },
    "memoize-one": {
      "version": "5.2.1",
      "resolved": "https://registry.npmjs.org/memoize-one/-/memoize-one-5.2.1.tgz",
      "integrity": "sha512-zYiwtZUcYyXKo/np96AGZAckk+FWWsUdJ3cHGGmld7+AhvcWmQyGCYUh1hc4Q/pkOhb65dQR/pqCyK0cOaHz4Q=="
    },
    "object-assign": {
      "version": "4.1.1",
      "resolved": "https://registry.npmjs.org/object-assign/-/object-assign-4.1.1.tgz",
      "integrity": "sha1-IQmtx5ZYh8/AXLvUQsrIv7s2CGM="
    },
    "popper.js": {
      "version": "1.16.1-lts",
      "resolved": "https://registry.npmjs.org/popper.js/-/popper.js-1.16.1-lts.tgz",
      "integrity": "sha512-Kjw8nKRl1m+VrSFCoVGPph93W/qrSO7ZkqPpTf7F4bk/sqcfWK019dWBUpE/fBOsOQY1dks/Bmcbfn1heM/IsA==",
      "peer": true
    },
    "prop-types": {
      "version": "15.7.2",
      "resolved": "https://registry.npmjs.org/prop-types/-/prop-types-15.7.2.tgz",
      "integrity": "sha512-8QQikdH7//R2vurIJSutZ1smHYTcLpRWEOlHnzcWHmBYrOGUysKwSsrC89BCiFj3CbrfJ/nXFdJepOVrY1GCHQ==",
      "requires": {
        "loose-envify": "^1.4.0",
        "object-assign": "^4.1.1",
        "react-is": "^16.8.1"
      },
      "dependencies": {
        "react-is": {
          "version": "16.13.1",
          "resolved": "https://registry.npmjs.org/react-is/-/react-is-16.13.1.tgz",
          "integrity": "sha512-24e6ynE2H+OKt4kqsOvNd8kBpV65zoxbA4BVsEOB3ARVWQki/DHzaUoC5KuON/BiccDaCCTZBuOcfZs70kR8bQ=="
        }
      }
    },
    "raf-schd": {
      "version": "4.0.3",
      "resolved": "https://registry.npmjs.org/raf-schd/-/raf-schd-4.0.3.tgz",
      "integrity": "sha512-tQkJl2GRWh83ui2DiPTJz9wEiMN20syf+5oKfB03yYP7ioZcJwsIK8FjrtLwH1m7C7e+Tt2yYBlrOpdT+dyeIQ=="
    },
    "react": {
      "version": "16.14.0",
      "resolved": "https://registry.npmjs.org/react/-/react-16.14.0.tgz",
      "integrity": "sha512-0X2CImDkJGApiAlcf0ODKIneSwBPhqJawOa5wCtKbu7ZECrmS26NvtSILynQ66cgkT/RJ4LidJOc3bUESwmU8g==",
      "peer": true,
      "requires": {
        "loose-envify": "^1.1.0",
        "object-assign": "^4.1.1",
        "prop-types": "^15.6.2"
      }
    },
    "react-beautiful-dnd": {
      "version": "13.0.0",
      "resolved": "https://registry.npmjs.org/react-beautiful-dnd/-/react-beautiful-dnd-13.0.0.tgz",
      "integrity": "sha512-87It8sN0ineoC3nBW0SbQuTFXM6bUqM62uJGY4BtTf0yzPl8/3+bHMWkgIe0Z6m8e+gJgjWxefGRVfpE3VcdEg==",
      "requires": {
        "@babel/runtime": "^7.8.4",
        "css-box-model": "^1.2.0",
        "memoize-one": "^5.1.1",
        "raf-schd": "^4.0.2",
        "react-redux": "^7.1.1",
        "redux": "^4.0.4",
        "use-memo-one": "^1.1.1"
      }
    },
    "react-dom": {
      "version": "16.14.0",
      "resolved": "https://registry.npmjs.org/react-dom/-/react-dom-16.14.0.tgz",
      "integrity": "sha512-1gCeQXDLoIqMgqD3IO2Ah9bnf0w9kzhwN5q4FGnHZ67hBm9yePzB5JJAIQCc8x3pFnNlwFq4RidZggNAAkzWWw==",
      "peer": true,
      "requires": {
        "loose-envify": "^1.1.0",
        "object-assign": "^4.1.1",
        "prop-types": "^15.6.2",
        "scheduler": "^0.19.1"
      }
    },
    "react-double-scrollbar": {
      "version": "0.0.15",
      "resolved": "https://registry.npmjs.org/react-double-scrollbar/-/react-double-scrollbar-0.0.15.tgz",
      "integrity": "sha1-6RWrjLO5WYdwdfSUNt6/2wQoj+Q=",
      "requires": {}
    },
    "react-is": {
      "version": "17.0.2",
      "resolved": "https://registry.npmjs.org/react-is/-/react-is-17.0.2.tgz",
      "integrity": "sha512-w2GsyukL62IJnlaff/nRegPQR94C/XXamvMWmSHRJ4y7Ts/4ocGRmTHvOs8PSE6pB3dWOrD/nueuU5sduBsQ4w==",
      "peer": true
    },
    "react-redux": {
      "version": "7.2.5",
      "resolved": "https://registry.npmjs.org/react-redux/-/react-redux-7.2.5.tgz",
      "integrity": "sha512-Dt29bNyBsbQaysp6s/dN0gUodcq+dVKKER8Qv82UrpeygwYeX1raTtil7O/fftw/rFqzaf6gJhDZRkkZnn6bjg==",
      "requires": {
        "@babel/runtime": "^7.12.1",
        "@types/react-redux": "^7.1.16",
        "hoist-non-react-statics": "^3.3.2",
        "loose-envify": "^1.4.0",
        "prop-types": "^15.7.2",
        "react-is": "^16.13.1"
      },
      "dependencies": {
        "react-is": {
          "version": "16.13.1",
          "resolved": "https://registry.npmjs.org/react-is/-/react-is-16.13.1.tgz",
          "integrity": "sha512-24e6ynE2H+OKt4kqsOvNd8kBpV65zoxbA4BVsEOB3ARVWQki/DHzaUoC5KuON/BiccDaCCTZBuOcfZs70kR8bQ=="
        }
      }
    },
    "react-transition-group": {
      "version": "4.4.2",
      "resolved": "https://registry.npmjs.org/react-transition-group/-/react-transition-group-4.4.2.tgz",
      "integrity": "sha512-/RNYfRAMlZwDSr6z4zNKV6xu53/e2BuaBbGhbyYIXTrmgu/bGHzmqOs7mJSJBHy9Ud+ApHx3QjrkKSp1pxvlFg==",
      "requires": {
        "@babel/runtime": "^7.5.5",
        "dom-helpers": "^5.0.1",
        "loose-envify": "^1.4.0",
        "prop-types": "^15.6.2"
      }
    },
    "redux": {
      "version": "4.1.1",
      "resolved": "https://registry.npmjs.org/redux/-/redux-4.1.1.tgz",
      "integrity": "sha512-hZQZdDEM25UY2P493kPYuKqviVwZ58lEmGQNeQ+gXa+U0gYPUBf7NKYazbe3m+bs/DzM/ahN12DbF+NG8i0CWw==",
      "requires": {
        "@babel/runtime": "^7.9.2"
      }
    },
    "regenerator-runtime": {
      "version": "0.13.9",
      "resolved": "https://registry.npmjs.org/regenerator-runtime/-/regenerator-runtime-0.13.9.tgz",
      "integrity": "sha512-p3VT+cOEgxFsRRA9X4lkI1E+k2/CtnKtU4gcxyaCUreilL/vqI6CdZ3wxVUx3UOUg+gnUOQQcRI7BmSI656MYA=="
    },
    "rifm": {
      "version": "0.7.0",
      "resolved": "https://registry.npmjs.org/rifm/-/rifm-0.7.0.tgz",
      "integrity": "sha512-DSOJTWHD67860I5ojetXdEQRIBvF6YcpNe53j0vn1vp9EUb9N80EiZTxgP+FkDKorWC8PZw052kTF4C1GOivCQ==",
      "requires": {
        "@babel/runtime": "^7.3.1"
      }
    },
    "scheduler": {
      "version": "0.19.1",
      "resolved": "https://registry.npmjs.org/scheduler/-/scheduler-0.19.1.tgz",
      "integrity": "sha512-n/zwRWRYSUj0/3g/otKDRPMh6qv2SYMWNq85IEa8iZyAv8od9zDYpGSnpBEjNgcMNq6Scbu5KfIPxNF72R/2EA==",
      "peer": true,
      "requires": {
        "loose-envify": "^1.1.0",
        "object-assign": "^4.1.1"
      }
    },
    "tiny-invariant": {
      "version": "1.1.0",
      "resolved": "https://registry.npmjs.org/tiny-invariant/-/tiny-invariant-1.1.0.tgz",
      "integrity": "sha512-ytxQvrb1cPc9WBEI/HSeYYoGD0kWnGEOR8RY6KomWLBVhqz0RgTwVO9dLrGz7dC+nN9llyI7OKAgRq8Vq4ZBSw=="
    },
    "tslib": {
      "version": "1.14.1",
      "resolved": "https://registry.npmjs.org/tslib/-/tslib-1.14.1.tgz",
      "integrity": "sha512-Xni35NKzjgMrwevysHTCArtLDpPvye8zV/0E4EyYn43P7/7qvQwPh9BGkHewbMulVntbigmcT7rdX3BNo9wRJg=="
    },
    "use-memo-one": {
      "version": "1.1.2",
      "resolved": "https://registry.npmjs.org/use-memo-one/-/use-memo-one-1.1.2.tgz",
      "integrity": "sha512-u2qFKtxLsia/r8qG0ZKkbytbztzRb317XCkT7yP8wxL0tZ/CzK2G+WWie5vWvpyeP7+YoPIwbJoIHJ4Ba4k0oQ==",
      "requires": {}
    }
  }
}
